
Microsoft Visual Studio Solution File, Format Version 11.00
# Visual Studio 2010
Project("{FAE04EC0-301F-11D3-BF4B-00C04F79EFBC}") = "Server", "Server\Server.csproj", "{3FE735EC-CBF6-4577-965D-41D842B31997}"
EndProject
Project("{FAE04EC0-301F-11D3-BF4B-00C04F79EFBC}") = "Client", "Client\Client.csproj", "{CD6015E1-08D7-44A2-ACA3-FBA30EC96CF1}"
EndProject
Project("{2150E333-8FDC-42A3-9474-1A3956D46DE8}") = "Info Files", "Info Files", "{90CFF304-5596-41EF-A435-B47BA50EEE73}"
	ProjectSection(SolutionItems) = preProject
		Readme.md = Readme.md
	EndProjectSection
EndProject
Project("{FAE04EC0-301F-11D3-BF4B-00C04F79EFBC}") = "Nito.Async", "Nito.Async\Nito.Async.csproj", "{708763ED-7801-4F2C-B103-4FEBD771769A}"
EndProject
Project("{FAE04EC0-301F-11D3-BF4B-00C04F79EFBC}") = "Nito.Async.Sockets", "Nito.Async.Sockets\Nito.Async.Sockets.csproj", "{B412B766-BEC2-407C-A7A1-0E5257511515}"
EndProject
Project("{840C416C-B8F3-42BC-B0DD-F6BB14C9F8CB}") = "RemoteImage_Setup", "RemoteImage_Setup\RemoteImage_Setup.aiproj", "{C4B932D2-F20F-4D63-8EF5-FFC7F0F172F9}"
	ProjectSection(ProjectDependencies) = postProject
		{B412B766-BEC2-407C-A7A1-0E5257511515} = {B412B766-BEC2-407C-A7A1-0E5257511515}
		{CD6015E1-08D7-44A2-ACA3-FBA30EC96CF1} = {CD6015E1-08D7-44A2-ACA3-FBA30EC96CF1}
		{3FE735EC-CBF6-4577-965D-41D842B31997} = {3FE735EC-CBF6-4577-965D-41D842B31997}
		{708763ED-7801-4F2C-B103-4FEBD771769A} = {708763ED-7801-4F2C-B103-4FEBD771769A}
	EndProjectSection
EndProject
Global
	GlobalSection(SolutionConfigurationPlatforms) = preSolution
		Debug|Any CPU = Debug|Any CPU
		Debug|Mixed Platforms = Debug|Mixed Platforms
		Debug|x86 = Debug|x86
		Release|Any CPU = Release|Any CPU
		Release|Mixed Platforms = Release|Mixed Platforms
		Release|x86 = Release|x86
	EndGlobalSection
	GlobalSection(ProjectConfigurationPlatforms) = postSolution
		{3FE735EC-CBF6-4577-965D-41D842B31997}.Debug|Any CPU.ActiveCfg = Debug|x86
		{3FE735EC-CBF6-4577-965D-41D842B31997}.Debug|Mixed Platforms.ActiveCfg = Debug|x86
		{3FE735EC-CBF6-4577-965D-41D842B31997}.Debug|Mixed Platforms.Build.0 = Debug|x86
		{3FE735EC-CBF6-4577-965D-41D842B31997}.Debug|x86.ActiveCfg = Debug|x86
		{3FE735EC-CBF6-4577-965D-41D842B31997}.Debug|x86.Build.0 = Debug|x86
		{3FE735EC-CBF6-4577-965D-41D842B31997}.Release|Any CPU.ActiveCfg = Release|x86
		{3FE735EC-CBF6-4577-965D-41D842B31997}.Release|Mixed Platforms.ActiveCfg = Release|x86
		{3FE735EC-CBF6-4577-965D-41D842B31997}.Release|Mixed Platforms.Build.0 = Release|x86
		{3FE735EC-CBF6-4577-965D-41D842B31997}.Release|x86.ActiveCfg = Release|x86
		{3FE735EC-CBF6-4577-965D-41D842B31997}.Release|x86.Build.0 = Release|x86
		{CD6015E1-08D7-44A2-ACA3-FBA30EC96CF1}.Debug|Any CPU.ActiveCfg = Debug|x86
		{CD6015E1-08D7-44A2-ACA3-FBA30EC96CF1}.Debug|Mixed Platforms.ActiveCfg = Debug|x86
		{CD6015E1-08D7-44A2-ACA3-FBA30EC96CF1}.Debug|Mixed Platforms.Build.0 = Debug|x86
		{CD6015E1-08D7-44A2-ACA3-FBA30EC96CF1}.Debug|x86.ActiveCfg = Debug|x86
		{CD6015E1-08D7-44A2-ACA3-FBA30EC96CF1}.Debug|x86.Build.0 = Debug|x86
		{CD6015E1-08D7-44A2-ACA3-FBA30EC96CF1}.Release|Any CPU.ActiveCfg = Release|x86
		{CD6015E1-08D7-44A2-ACA3-FBA30EC96CF1}.Release|Mixed Platforms.ActiveCfg = Release|x86
		{CD6015E1-08D7-44A2-ACA3-FBA30EC96CF1}.Release|Mixed Platforms.Build.0 = Release|x86
		{CD6015E1-08D7-44A2-ACA3-FBA30EC96CF1}.Release|x86.ActiveCfg = Release|x86
		{CD6015E1-08D7-44A2-ACA3-FBA30EC96CF1}.Release|x86.Build.0 = Release|x86
		{708763ED-7801-4F2C-B103-4FEBD771769A}.Debug|Any CPU.ActiveCfg = Debug|Any CPU
		{708763ED-7801-4F2C-B103-4FEBD771769A}.Debug|Any CPU.Build.0 = Debug|Any CPU
		{708763ED-7801-4F2C-B103-4FEBD771769A}.Debug|Mixed Platforms.ActiveCfg = Debug|Any CPU
		{708763ED-7801-4F2C-B103-4FEBD771769A}.Debug|Mixed Platforms.Build.0 = Debug|Any CPU
		{708763ED-7801-4F2C-B103-4FEBD771769A}.Debug|x86.ActiveCfg = Debug|Any CPU
		{708763ED-7801-4F2C-B103-4FEBD771769A}.Release|Any CPU.ActiveCfg = Release|Any CPU
		{708763ED-7801-4F2C-B103-4FEBD771769A}.Release|Any CPU.Build.0 = Release|Any CPU
		{708763ED-7801-4F2C-B103-4FEBD771769A}.Release|Mixed Platforms.ActiveCfg = Release|Any CPU
		{708763ED-7801-4F2C-B103-4FEBD771769A}.Release|Mixed Platforms.Build.0 = Release|Any CPU
		{708763ED-7801-4F2C-B103-4FEBD771769A}.Release|x86.ActiveCfg = Release|Any CPU
		{B412B766-BEC2-407C-A7A1-0E5257511515}.Debug|Any CPU.ActiveCfg = Debug|Any CPU
		{B412B766-BEC2-407C-A7A1-0E5257511515}.Debug|Any CPU.Build.0 = Debug|Any CPU
		{B412B766-BEC2-407C-A7A1-0E5257511515}.Debug|Mixed Platforms.ActiveCfg = Debug|Any CPU
		{B412B766-BEC2-407C-A7A1-0E5257511515}.Debug|Mixed Platforms.Build.0 = Debug|Any CPU
		{B412B766-BEC2-407C-A7A1-0E5257511515}.Debug|x86.ActiveCfg = Debug|Any CPU
		{B412B766-BEC2-407C-A7A1-0E5257511515}.Release|Any CPU.ActiveCfg = Release|Any CPU
		{B412B766-BEC2-407C-A7A1-0E5257511515}.Release|Any CPU.Build.0 = Release|Any CPU
		{B412B766-BEC2-407C-A7A1-0E5257511515}.Release|Mixed Platforms.ActiveCfg = Release|Any CPU
		{B412B766-BEC2-407C-A7A1-0E5257511515}.Release|Mixed Platforms.Build.0 = Release|Any CPU
		{B412B766-BEC2-407C-A7A1-0E5257511515}.Release|x86.ActiveCfg = Release|Any CPU
		{C4B932D2-F20F-4D63-8EF5-FFC7F0F172F9}.Debug|Any CPU.ActiveCfg = All
		{C4B932D2-F20F-4D63-8EF5-FFC7F0F172F9}.Debug|Any CPU.Build.0 = All
		{C4B932D2-F20F-4D63-8EF5-FFC7F0F172F9}.Debug|Mixed Platforms.ActiveCfg = All
		{C4B932D2-F20F-4D63-8EF5-FFC7F0F172F9}.Debug|Mixed Platforms.Build.0 = All
		{C4B932D2-F20F-4D63-8EF5-FFC7F0F172F9}.Debug|x86.ActiveCfg = All
		{C4B932D2-F20F-4D63-8EF5-FFC7F0F172F9}.Debug|x86.Build.0 = All
		{C4B932D2-F20F-4D63-8EF5-FFC7F0F172F9}.Release|Any CPU.ActiveCfg = All
		{C4B932D2-F20F-4D63-8EF5-FFC7F0F172F9}.Release|Any CPU.Build.0 = All
		{C4B932D2-F20F-4D63-8EF5-FFC7F0F172F9}.Release|Mixed Platforms.ActiveCfg = All
		{C4B932D2-F20F-4D63-8EF5-FFC7F0F172F9}.Release|Mixed Platforms.Build.0 = All
		{C4B932D2-F20F-4D63-8EF5-FFC7F0F172F9}.Release|x86.ActiveCfg = All
		{C4B932D2-F20F-4D63-8EF5-FFC7F0F172F9}.Release|x86.Build.0 = All
	EndGlobalSection
	GlobalSection(SolutionProperties) = preSolution
		HideSolutionNode = FALSE
	EndGlobalSection
EndGlobal
